
Microsoft Visual Studio Solution File, Format Version 12.00
# Visual Studio Version 17
VisualStudioVersion = 17.1.32414.318
MinimumVisualStudioVersion = 10.0.40219.1
Project("{FAE04EC0-301F-11D3-BF4B-00C04F79EFBC}") = "EmpManagement", "EmpManagement\EmpManagement.csproj", "{1CCB82A3-2040-48E2-A84E-0CDF670E4AD3}"
EndProject
Global
	GlobalSection(SolutionConfigurationPlatforms) = preSolution
		Debug|Any CPU = Debug|Any CPU
		Release|Any CPU = Release|Any CPU
	EndGlobalSection
	GlobalSection(ProjectConfigurationPlatforms) = postSolution
		{1CCB82A3-2040-48E2-A84E-0CDF670E4AD3}.Debug|Any CPU.ActiveCfg = Debug|Any CPU
		{1CCB82A3-2040-48E2-A84E-0CDF670E4AD3}.Debug|Any CPU.Build.0 = Debug|Any CPU
		{1CCB82A3-2040-48E2-A84E-0CDF670E4AD3}.Release|Any CPU.ActiveCfg = Release|Any CPU
		{1CCB82A3-2040-48E2-A84E-0CDF670E4AD3}.Release|Any CPU.Build.0 = Release|Any CPU
	EndGlobalSection
	GlobalSection(SolutionProperties) = preSolution
		HideSolutionNode = FALSE
	EndGlobalSection
	GlobalSection(ExtensibilityGlobals) = postSolution
		SolutionGuid = {39E5A040-54E0-4710-8C35-464193379730}
	EndGlobalSection
EndGlobal
