
Microsoft Visual Studio Solution File, Format Version 12.00
# Visual Studio Version 17
VisualStudioVersion = 17.1.32319.34
MinimumVisualStudioVersion = 10.0.40219.1
Project("{FAE04EC0-301F-11D3-BF4B-00C04F79EFBC}") = "bankingConsole2", "bankingConsole2\bankingConsole2.csproj", "{916BD65C-822C-4C4E-B220-3A0D2501B280}"
EndProject
Global
	GlobalSection(SolutionConfigurationPlatforms) = preSolution
		Debug|Any CPU = Debug|Any CPU
		Release|Any CPU = Release|Any CPU
	EndGlobalSection
	GlobalSection(ProjectConfigurationPlatforms) = postSolution
		{916BD65C-822C-4C4E-B220-3A0D2501B280}.Debug|Any CPU.ActiveCfg = Debug|Any CPU
		{916BD65C-822C-4C4E-B220-3A0D2501B280}.Debug|Any CPU.Build.0 = Debug|Any CPU
		{916BD65C-822C-4C4E-B220-3A0D2501B280}.Release|Any CPU.ActiveCfg = Release|Any CPU
		{916BD65C-822C-4C4E-B220-3A0D2501B280}.Release|Any CPU.Build.0 = Release|Any CPU
	EndGlobalSection
	GlobalSection(SolutionProperties) = preSolution
		HideSolutionNode = FALSE
	EndGlobalSection
	GlobalSection(ExtensibilityGlobals) = postSolution
		SolutionGuid = {789CCFA1-04D8-49A6-94E3-05B825969429}
	EndGlobalSection
EndGlobal
